// !$*UTF8*$!
{
	archiveVersion = 1;
	classes = {
	};
	objectVersion = 46;
	objects = {

/* Begin PBXBuildFile section */
		2FA071141F3070F500CE73FD /* main.m in Sources */ = {isa = PBXBuildFile; fileRef = 2FA071131F3070F500CE73FD /* main.m */; };
		2FA071171F3070F500CE73FD /* AppDelegate.m in Sources */ = {isa = PBXBuildFile; fileRef = 2FA071161F3070F500CE73FD /* AppDelegate.m */; };
		2FA0711A1F3070F500CE73FD /* ViewController.m in Sources */ = {isa = PBXBuildFile; fileRef = 2FA071191F3070F500CE73FD /* ViewController.m */; };
		2FA0711D1F3070F500CE73FD /* Main.storyboard in Resources */ = {isa = PBXBuildFile; fileRef = 2FA0711B1F3070F500CE73FD /* Main.storyboard */; };
		2FA071201F3070F500CE73FD /* ScrollView.xcdatamodeld in Sources */ = {isa = PBXBuildFile; fileRef = 2FA0711E1F3070F500CE73FD /* ScrollView.xcdatamodeld */; };
		2FA071221F3070F500CE73FD /* Assets.xcassets in Resources */ = {isa = PBXBuildFile; fileRef = 2FA071211F3070F500CE73FD /* Assets.xcassets */; };
		2FA071251F3070F500CE73FD /* LaunchScreen.storyboard in Resources */ = {isa = PBXBuildFile; fileRef = 2FA071231F3070F500CE73FD /* LaunchScreen.storyboard */; };
		2FA0712E1F30712100CE73FD /* YMYScrollView.m in Sources */ = {isa = PBXBuildFile; fileRef = 2FA0712D1F30712100CE73FD /* YMYScrollView.m */; };
/* End PBXBuildFile section */

/* Begin PBXFileReference section */
		2FA0710F1F3070F500CE73FD /* ScrollView.app */ = {isa = PBXFileReference; explicitFileType = wrapper.application; includeInIndex = 0; path = ScrollView.app; sourceTree = BUILT_PRODUCTS_DIR; };
		2FA071131F3070F500CE73FD /* main.m */ = {isa = PBXFileReference; lastKnownFileType = sourcecode.c.objc; path = main.m; sourceTree = "<group>"; };
		2FA071151F3070F500CE73FD /* AppDelegate.h */ = {isa = PBXFileReference; lastKnownFileType = sourcecode.c.h; path = AppDelegate.h; sourceTree = "<group>"; };
		2FA071161F3070F500CE73FD /* AppDelegate.m */ = {isa = PBXFileReference; lastKnownFileType = sourcecode.c.objc; path = AppDelegate.m; sourceTree = "<group>"; };
		2FA071181F3070F500CE73FD /* ViewController.h */ = {isa = PBXFileReference; lastKnownFileType = sourcecode.c.h; path = ViewController.h; sourceTree = "<group>"; };
		2FA071191F3070F500CE73FD /* ViewController.m */ = {isa = PBXFileReference; lastKnownFileType = sourcecode.c.objc; path = ViewController.m; sourceTree = "<group>"; };
		2FA0711C1F3070F500CE73FD /* Base */ = {isa = PBXFileReference; lastKnownFileType = file.storyboard; name = Base; path = Base.lproj/Main.storyboard; sourceTree = "<group>"; };
		2FA0711F1F3070F500CE73FD /* ScrollView.xcdatamodel */ = {isa = PBXFileReference; lastKnownFileType = wrapper.xcdatamodel; path = ScrollView.xcdatamodel; sourceTree = "<group>"; };
		2FA071211F3070F500CE73FD /* Assets.xcassets */ = {isa = PBXFileReference; lastKnownFileType = folder.assetcatalog; path = Assets.xcassets; sourceTree = "<group>"; };
		2FA071241F3070F500CE73FD /* Base */ = {isa = PBXFileReference; lastKnownFileType = file.storyboard; name = Base; path = Base.lproj/LaunchScreen.storyboard; sourceTree = "<group>"; };
		2FA071261F3070F500CE73FD /* Info.plist */ = {isa = PBXFileReference; lastKnownFileType = text.plist.xml; path = Info.plist; sourceTree = "<group>"; };
		2FA0712C1F30712100CE73FD /* YMYScrollView.h */ = {isa = PBXFileReference; fileEncoding = 4; lastKnownFileType = sourcecode.c.h; path = YMYScrollView.h; sourceTree = "<group>"; };
		2FA0712D1F30712100CE73FD /* YMYScrollView.m */ = {isa = PBXFileReference; fileEncoding = 4; lastKnownFileType = sourcecode.c.objc; path = YMYScrollView.m; sourceTree = "<group>"; };
/* End PBXFileReference section */

/* Begin PBXFrameworksBuildPhase section */
		2FA0710C1F3070F500CE73FD /* Frameworks */ = {
			isa = PBXFrameworksBuildPhase;
			buildActionMask = 2147483647;
			files = (
			);
			runOnlyForDeploymentPostprocessing = 0;
		};
/* End PBXFrameworksBuildPhase section */

/* Begin PBXGroup section */
		2FA071061F3070F500CE73FD = {
			isa = PBXGroup;
			children = (
				2FA071111F3070F500CE73FD /* ScrollView */,
				2FA071101F3070F500CE73FD /* Products */,
			);
			sourceTree = "<group>";
		};
		2FA071101F3070F500CE73FD /* Products */ = {
			isa = PBXGroup;
			children = (
				2FA0710F1F3070F500CE73FD /* ScrollView.app */,
			);
			name = Products;
			sourceTree = "<group>";
		};
		2FA071111F3070F500CE73FD /* ScrollView */ = {
			isa = PBXGroup;
			children = (
				2FA071151F3070F500CE73FD /* AppDelegate.h */,
				2FA071161F3070F500CE73FD /* AppDelegate.m */,
				2FA071181F3070F500CE73FD /* ViewController.h */,
				2FA071191F3070F500CE73FD /* ViewController.m */,
				2FA0712C1F30712100CE73FD /* YMYScrollView.h */,
				2FA0712D1F30712100CE73FD /* YMYScrollView.m */,
				2FA0711B1F3070F500CE73FD /* Main.storyboard */,
				2FA071211F3070F500CE73FD /* Assets.xcassets */,
				2FA071231F3070F500CE73FD /* LaunchScreen.storyboard */,
				2FA071261F3070F500CE73FD /* Info.plist */,
				2FA0711E1F3070F500CE73FD /* ScrollView.xcdatamodeld */,
				2FA071121F3070F500CE73FD /* Supporting Files */,
			);
			path = ScrollView;
			sourceTree = "<group>";
		};
		2FA071121F3070F500CE73FD /* Supporting Files */ = {
			isa = PBXGroup;
			children = (
				2FA071131F3070F500CE73FD /* main.m */,
			);
			name = "Supporting Files";
			sourceTree = "<group>";
		};
/* End PBXGroup section */

/* Begin PBXNativeTarget section */
		2FA0710E1F3070F500CE73FD /* ScrollView */ = {
			isa = PBXNativeTarget;
			buildConfigurationList = 2FA071291F3070F500CE73FD /* Build configuration list for PBXNativeTarget "ScrollView" */;
			buildPhases = (
				2FA0710B1F3070F500CE73FD /* Sources */,
				2FA0710C1F3070F500CE73FD /* Frameworks */,
				2FA0710D1F3070F500CE73FD /* Resources */,
			);
			buildRules = (
			);
			dependencies = (
			);
			name = ScrollView;
			productName = ScrollView;
			productReference = 2FA0710F1F3070F500CE73FD /* ScrollView.app */;
			productType = "com.apple.product-type.application";
		};
/* End PBXNativeTarget section */

/* Begin PBXProject section */
		2FA071071F3070F500CE73FD /* Project object */ = {
			isa = PBXProject;
			attributes = {
				LastUpgradeCheck = 0820;
				ORGANIZATIONNAME = A589;
				TargetAttributes = {
					2FA0710E1F3070F500CE73FD = {
						CreatedOnToolsVersion = 8.2.1;
						DevelopmentTeam = U4LY4RUXVY;
						ProvisioningStyle = Automatic;
					};
				};
			};
			buildConfigurationList = 2FA0710A1F3070F500CE73FD /* Build configuration list for PBXProject "ScrollView" */;
			compatibilityVersion = "Xcode 3.2";
			developmentRegion = English;
			hasScannedForEncodings = 0;
			knownRegions = (
				en,
				Base,
			);
			mainGroup = 2FA071061F3070F500CE73FD;
			productRefGroup = 2FA071101F3070F500CE73FD /* Products */;
			projectDirPath = "";
			projectRoot = "";
			targets = (
				2FA0710E1F3070F500CE73FD /* ScrollView */,
			);
		};
/* End PBXProject section */

/* Begin PBXResourcesBuildPhase section */
		2FA0710D1F3070F500CE73FD /* Resources */ = {
			isa = PBXResourcesBuildPhase;
			buildActionMask = 2147483647;
			files = (
				2FA071251F3070F500CE73FD /* LaunchScreen.storyboard in Resources */,
				2FA071221F3070F500CE73FD /* Assets.xcassets in Resources */,
				2FA0711D1F3070F500CE73FD /* Main.storyboard in Resources */,
			);
			runOnlyForDeploymentPostprocessing = 0;
		};
/* End PBXResourcesBuildPhase section */

/* Begin PBXSourcesBuildPhase section */
		2FA0710B1F3070F500CE73FD /* Sources */ = {
			isa = PBXSourcesBuildPhase;
			buildActionMask = 2147483647;
			files = (
				2FA0711A1F3070F500CE73FD /* ViewController.m in Sources */,
				2FA071201F3070F500CE73FD /* ScrollView.xcdatamodeld in Sources */,
				2FA071171F3070F500CE73FD /* AppDelegate.m in Sources */,
				2FA0712E1F30712100CE73FD /* YMYScrollView.m in Sources */,
				2FA071141F3070F500CE73FD /* main.m in Sources */,
			);
			runOnlyForDeploymentPostprocessing = 0;
		};
/* End PBXSourcesBuildPhase section */

/* Begin PBXVariantGroup section */
		2FA0711B1F3070F500CE73FD /* Main.storyboard */ = {
			isa = PBXVariantGroup;
			children = (
				2FA0711C1F3070F500CE73FD /* Base */,
			);
			name = Main.storyboard;
			sourceTree = "<group>";
		};
		2FA071231F3070F500CE73FD /* LaunchScreen.storyboard */ = {
			isa = PBXVariantGroup;
			children = (
				2FA071241F3070F500CE73FD /* Base */,
			);
			name = LaunchScreen.storyboard;
			sourceTree = "<group>";
		};
/* End PBXVariantGroup section */

/* Begin XCBuildConfiguration section */
		2FA071271F3070F500CE73FD /* Debug */ = {
			isa = XCBuildConfiguration;
			buildSettings = {
				ALWAYS_SEARCH_USER_PATHS = NO;
				CLANG_ANALYZER_NONNULL = YES;
				CLANG_CXX_LANGUAGE_STANDARD = "gnu++0x";
				CLANG_CXX_LIBRARY = "libc++";
				CLANG_ENABLE_MODULES = YES;
				CLANG_ENABLE_OBJC_ARC = YES;
				CLANG_WARN_BOOL_CONVERSION = YES;
				CLANG_WARN_CONSTANT_CONVERSION = YES;
				CLANG_WARN_DIRECT_OBJC_ISA_USAGE = YES_ERROR;
				CLANG_WARN_DOCUMENTATION_COMMENTS = YES;
				CLANG_WARN_EMPTY_BODY = YES;
				CLANG_WARN_ENUM_CONVERSION = YES;
				CLANG_WARN_INFINITE_RECURSION = YES;
				CLANG_WARN_INT_CONVERSION = YES;
				CLANG_WARN_OBJC_ROOT_CLASS = YES_ERROR;
				CLANG_WARN_SUSPICIOUS_MOVE = YES;
				CLANG_WARN_UNREACHABLE_CODE = YES;
				CLANG_WARN__DUPLICATE_METHOD_MATCH = YES;
				"CODE_SIGN_IDENTITY[sdk=iphoneos*]" = "iPhone Developer";
				COPY_PHASE_STRIP = NO;
				DEBUG_INFORMATION_FORMAT = dwarf;
				ENABLE_STRICT_OBJC_MSGSEND = YES;
				ENABLE_TESTABILITY = YES;
				GCC_C_LANGUAGE_STANDARD = gnu99;
				GCC_DYNAMIC_NO_PIC = NO;
				GCC_NO_COMMON_BLOCKS = YES;
				GCC_OPTIMIZATION_LEVEL = 0;
				GCC_PREPROCESSOR_DEFINITIONS = (
					"DEBUG=1",
					"$(inherited)",
				);
				GCC_WARN_64_TO_32_BIT_CONVERSION = YES;
				GCC_WARN_ABOUT_RETURN_TYPE = YES_ERROR;
				GCC_WARN_UNDECLARED_SELECTOR = YES;
				GCC_WARN_UNINITIALIZED_AUTOS = YES_AGGRESSIVE;
				GCC_WARN_UNUSED_FUNCTION = YES;
				GCC_WARN_UNUSED_VARIABLE = YES;
				IPHONEOS_DEPLOYMENT_TARGET = 10.2;
				MTL_ENABLE_DEBUG_INFO = YES;
				ONLY_ACTIVE_ARCH = YES;
				SDKROOT = iphoneos;
			};
			name = Debug;
		};
		2FA071281F3070F500CE73FD /* Release */ = {
			isa = XCBuildConfiguration;
			buildSettings = {
				ALWAYS_SEARCH_USER_PATHS = NO;
				CLANG_ANALYZER_NONNULL = YES;
				CLANG_CXX_LANGUAGE_STANDARD = "gnu++0x";
				CLANG_CXX_LIBRARY = "libc++";
				CLANG_ENABLE_MODULES = YES;
				CLANG_ENABLE_OBJC_ARC = YES;
				CLANG_WARN_BOOL_CONVERSION = YES;
				CLANG_WARN_CONSTANT_CONVERSION = YES;
				CLANG_WARN_DIRECT_OBJC_ISA_USAGE = YES_ERROR;
				CLANG_WARN_DOCUMENTATION_COMMENTS = YES;
				CLANG_WARN_EMPTY_BODY = YES;
				CLANG_WARN_ENUM_CONVERSION = YES;
				CLANG_WARN_INFINITE_RECURSION = YES;
				CLANG_WARN_INT_CONVERSION = YES;
				CLANG_WARN_OBJC_ROOT_CLASS = YES_ERROR;
				CLANG_WARN_SUSPICIOUS_MOVE = YES;
				CLANG_WARN_UNREACHABLE_CODE = YES;
				CLANG_WARN__DUPLICATE_METHOD_MATCH = YES;
				"CODE_SIGN_IDENTITY[sdk=iphoneos*]" = "iPhone Developer";
				COPY_PHASE_STRIP = NO;
				DEBUG_INFORMATION_FORMAT = "dwarf-with-dsym";
				ENABLE_NS_ASSERTIONS = NO;
				ENABLE_STRICT_OBJC_MSGSEND = YES;
				GCC_C_LANGUAGE_STANDARD = gnu99;
				GCC_NO_COMMON_BLOCKS = YES;
				GCC_WARN_64_TO_32_BIT_CONVERSION = YES;
				GCC_WARN_ABOUT_RETURN_TYPE = YES_ERROR;
				GCC_WARN_UNDECLARED_SELECTOR = YES;
				GCC_WARN_UNINITIALIZED_AUTOS = YES_AGGRESSIVE;
				GCC_WARN_UNUSED_FUNCTION = YES;
				GCC_WARN_UNUSED_VARIABLE = YES;
				IPHONEOS_DEPLOYMENT_TARGET = 10.2;
				MTL_ENABLE_DEBUG_INFO = NO;
				SDKROOT = iphoneos;
				VALIDATE_PRODUCT = YES;
			};
			name = Release;
		};
		2FA0712A1F3070F500CE73FD /* Debug */ = {
			isa = XCBuildConfiguration;
			buildSettings = {
				ASSETCATALOG_COMPILER_APPICON_NAME = AppIcon;
				DEVELOPMENT_TEAM = U4LY4RUXVY;
				INFOPLIST_FILE = ScrollView/Info.plist;
				LD_RUNPATH_SEARCH_PATHS = "$(inherited) @executable_path/Frameworks";
				PRODUCT_BUNDLE_IDENTIFIER = cn.edoctor.ScrollView;
				PRODUCT_NAME = "$(TARGET_NAME)";
			};
			name = Debug;
		};
		2FA0712B1F3070F500CE73FD /* Release */ = {
			isa = XCBuildConfiguration;
			buildSettings = {
				ASSETCATALOG_COMPILER_APPICON_NAME = AppIcon;
				DEVELOPMENT_TEAM = U4LY4RUXVY;
				INFOPLIST_FILE = ScrollView/Info.plist;
				LD_RUNPATH_SEARCH_PATHS = "$(inherited) @executable_path/Frameworks";
				PRODUCT_BUNDLE_IDENTIFIER = cn.edoctor.ScrollView;
				PRODUCT_NAME = "$(TARGET_NAME)";
			};
			name = Release;
		};
/* End XCBuildConfiguration section */

/* Begin XCConfigurationList section */
		2FA0710A1F3070F500CE73FD /* Build configuration list for PBXProject "ScrollView" */ = {
			isa = XCConfigurationList;
			buildConfigurations = (
				2FA071271F3070F500CE73FD /* Debug */,
				2FA071281F3070F500CE73FD /* Release */,
			);
			defaultConfigurationIsVisible = 0;
			defaultConfigurationName = Release;
		};
		2FA071291F3070F500CE73FD /* Build configuration list for PBXNativeTarget "ScrollView" */ = {
			isa = XCConfigurationList;
			buildConfigurations = (
				2FA0712A1F3070F500CE73FD /* Debug */,
				2FA0712B1F3070F500CE73FD /* Release */,
			);
			defaultConfigurationIsVisible = 0;
		};
/* End XCConfigurationList section */

/* Begin XCVersionGroup section */
		2FA0711E1F3070F500CE73FD /* ScrollView.xcdatamodeld */ = {
			isa = XCVersionGroup;
			children = (
				2FA0711F1F3070F500CE73FD /* ScrollView.xcdatamodel */,
			);
			currentVersion = 2FA0711F1F3070F500CE73FD /* ScrollView.xcdatamodel */;
			path = ScrollView.xcdatamodeld;
			sourceTree = "<group>";
			versionGroupType = wrapper.xcdatamodel;
		};
/* End XCVersionGroup section */
	};
	rootObject = 2FA071071F3070F500CE73FD /* Project object */;
}
